
Microsoft Visual Studio Solution File, Format Version 12.00
# Visual Studio Version 17
VisualStudioVersion = 17.5.33414.496
MinimumVisualStudioVersion = 10.0.40219.1
Project("{FAE04EC0-301F-11D3-BF4B-00C04F79EFBC}") = "clickshot.Android", "clickshot.Android\clickshot.Android.csproj", "{32FA88CF-2418-4598-9AB0-B89268124E28}"
EndProject
Project("{FAE04EC0-301F-11D3-BF4B-00C04F79EFBC}") = "clickshot.iOS", "clickshot.iOS\clickshot.iOS.csproj", "{5684C2B9-AFD3-40A4-AD80-3AE2B7B392FD}"
EndProject
Project("{FAE04EC0-301F-11D3-BF4B-00C04F79EFBC}") = "clickshot", "clickshot\clickshot.csproj", "{6997FDF6-90E5-4C47-BEA9-BE63673D6B8F}"
EndProject
Global
	GlobalSection(SolutionConfigurationPlatforms) = preSolution
		Debug|Any CPU = Debug|Any CPU
		Debug|iPhone = Debug|iPhone
		Debug|iPhoneSimulator = Debug|iPhoneSimulator
		Release|Any CPU = Release|Any CPU
		Release|iPhone = Release|iPhone
		Release|iPhoneSimulator = Release|iPhoneSimulator
	EndGlobalSection
	GlobalSection(ProjectConfigurationPlatforms) = postSolution
		{32FA88CF-2418-4598-9AB0-B89268124E28}.Debug|Any CPU.ActiveCfg = Debug|Any CPU
		{32FA88CF-2418-4598-9AB0-B89268124E28}.Debug|Any CPU.Build.0 = Debug|Any CPU
		{32FA88CF-2418-4598-9AB0-B89268124E28}.Debug|Any CPU.Deploy.0 = Debug|Any CPU
		{32FA88CF-2418-4598-9AB0-B89268124E28}.Debug|iPhone.ActiveCfg = Debug|Any CPU
		{32FA88CF-2418-4598-9AB0-B89268124E28}.Debug|iPhone.Build.0 = Debug|Any CPU
		{32FA88CF-2418-4598-9AB0-B89268124E28}.Debug|iPhone.Deploy.0 = Debug|Any CPU
		{32FA88CF-2418-4598-9AB0-B89268124E28}.Debug|iPhoneSimulator.ActiveCfg = Debug|Any CPU
		{32FA88CF-2418-4598-9AB0-B89268124E28}.Debug|iPhoneSimulator.Build.0 = Debug|Any CPU
		{32FA88CF-2418-4598-9AB0-B89268124E28}.Debug|iPhoneSimulator.Deploy.0 = Debug|Any CPU
		{32FA88CF-2418-4598-9AB0-B89268124E28}.Release|Any CPU.ActiveCfg = Release|Any CPU
		{32FA88CF-2418-4598-9AB0-B89268124E28}.Release|Any CPU.Build.0 = Release|Any CPU
		{32FA88CF-2418-4598-9AB0-B89268124E28}.Release|Any CPU.Deploy.0 = Release|Any CPU
		{32FA88CF-2418-4598-9AB0-B89268124E28}.Release|iPhone.ActiveCfg = Release|Any CPU
		{32FA88CF-2418-4598-9AB0-B89268124E28}.Release|iPhone.Build.0 = Release|Any CPU
		{32FA88CF-2418-4598-9AB0-B89268124E28}.Release|iPhone.Deploy.0 = Release|Any CPU
		{32FA88CF-2418-4598-9AB0-B89268124E28}.Release|iPhoneSimulator.ActiveCfg = Release|Any CPU
		{32FA88CF-2418-4598-9AB0-B89268124E28}.Release|iPhoneSimulator.Build.0 = Release|Any CPU
		{32FA88CF-2418-4598-9AB0-B89268124E28}.Release|iPhoneSimulator.Deploy.0 = Release|Any CPU
		{5684C2B9-AFD3-40A4-AD80-3AE2B7B392FD}.Debug|Any CPU.ActiveCfg = Debug|iPhone
		{5684C2B9-AFD3-40A4-AD80-3AE2B7B392FD}.Debug|Any CPU.Build.0 = Debug|iPhone
		{5684C2B9-AFD3-40A4-AD80-3AE2B7B392FD}.Debug|Any CPU.Deploy.0 = Debug|iPhone
		{5684C2B9-AFD3-40A4-AD80-3AE2B7B392FD}.Debug|iPhone.ActiveCfg = Debug|iPhone
		{5684C2B9-AFD3-40A4-AD80-3AE2B7B392FD}.Debug|iPhone.Build.0 = Debug|iPhone
		{5684C2B9-AFD3-40A4-AD80-3AE2B7B392FD}.Debug|iPhone.Deploy.0 = Debug|iPhone
		{5684C2B9-AFD3-40A4-AD80-3AE2B7B392FD}.Debug|iPhoneSimulator.ActiveCfg = Debug|iPhoneSimulator
		{5684C2B9-AFD3-40A4-AD80-3AE2B7B392FD}.Debug|iPhoneSimulator.Build.0 = Debug|iPhoneSimulator
		{5684C2B9-AFD3-40A4-AD80-3AE2B7B392FD}.Debug|iPhoneSimulator.Deploy.0 = Debug|iPhoneSimulator
		{5684C2B9-AFD3-40A4-AD80-3AE2B7B392FD}.Release|Any CPU.ActiveCfg = Release|iPhoneSimulator
		{5684C2B9-AFD3-40A4-AD80-3AE2B7B392FD}.Release|Any CPU.Build.0 = Release|iPhoneSimulator
		{5684C2B9-AFD3-40A4-AD80-3AE2B7B392FD}.Release|Any CPU.Deploy.0 = Release|iPhoneSimulator
		{5684C2B9-AFD3-40A4-AD80-3AE2B7B392FD}.Release|iPhone.ActiveCfg = Release|iPhone
		{5684C2B9-AFD3-40A4-AD80-3AE2B7B392FD}.Release|iPhone.Build.0 = Release|iPhone
		{5684C2B9-AFD3-40A4-AD80-3AE2B7B392FD}.Release|iPhone.Deploy.0 = Release|iPhone
		{5684C2B9-AFD3-40A4-AD80-3AE2B7B392FD}.Release|iPhoneSimulator.ActiveCfg = Release|iPhoneSimulator
		{5684C2B9-AFD3-40A4-AD80-3AE2B7B392FD}.Release|iPhoneSimulator.Build.0 = Release|iPhoneSimulator
		{5684C2B9-AFD3-40A4-AD80-3AE2B7B392FD}.Release|iPhoneSimulator.Deploy.0 = Release|iPhoneSimulator
		{6997FDF6-90E5-4C47-BEA9-BE63673D6B8F}.Debug|Any CPU.ActiveCfg = Debug|Any CPU
		{6997FDF6-90E5-4C47-BEA9-BE63673D6B8F}.Debug|Any CPU.Build.0 = Debug|Any CPU
		{6997FDF6-90E5-4C47-BEA9-BE63673D6B8F}.Debug|Any CPU.Deploy.0 = Debug|Any CPU
		{6997FDF6-90E5-4C47-BEA9-BE63673D6B8F}.Debug|iPhone.ActiveCfg = Debug|Any CPU
		{6997FDF6-90E5-4C47-BEA9-BE63673D6B8F}.Debug|iPhone.Build.0 = Debug|Any CPU
		{6997FDF6-90E5-4C47-BEA9-BE63673D6B8F}.Debug|iPhone.Deploy.0 = Debug|Any CPU
		{6997FDF6-90E5-4C47-BEA9-BE63673D6B8F}.Debug|iPhoneSimulator.ActiveCfg = Debug|Any CPU
		{6997FDF6-90E5-4C47-BEA9-BE63673D6B8F}.Debug|iPhoneSimulator.Build.0 = Debug|Any CPU
		{6997FDF6-90E5-4C47-BEA9-BE63673D6B8F}.Debug|iPhoneSimulator.Deploy.0 = Debug|Any CPU
		{6997FDF6-90E5-4C47-BEA9-BE63673D6B8F}.Release|Any CPU.ActiveCfg = Release|Any CPU
		{6997FDF6-90E5-4C47-BEA9-BE63673D6B8F}.Release|Any CPU.Build.0 = Release|Any CPU
		{6997FDF6-90E5-4C47-BEA9-BE63673D6B8F}.Release|Any CPU.Deploy.0 = Release|Any CPU
		{6997FDF6-90E5-4C47-BEA9-BE63673D6B8F}.Release|iPhone.ActiveCfg = Release|Any CPU
		{6997FDF6-90E5-4C47-BEA9-BE63673D6B8F}.Release|iPhone.Build.0 = Release|Any CPU
		{6997FDF6-90E5-4C47-BEA9-BE63673D6B8F}.Release|iPhone.Deploy.0 = Release|Any CPU
		{6997FDF6-90E5-4C47-BEA9-BE63673D6B8F}.Release|iPhoneSimulator.ActiveCfg = Release|Any CPU
		{6997FDF6-90E5-4C47-BEA9-BE63673D6B8F}.Release|iPhoneSimulator.Build.0 = Release|Any CPU
		{6997FDF6-90E5-4C47-BEA9-BE63673D6B8F}.Release|iPhoneSimulator.Deploy.0 = Release|Any CPU
	EndGlobalSection
	GlobalSection(SolutionProperties) = preSolution
		HideSolutionNode = FALSE
	EndGlobalSection
	GlobalSection(ExtensibilityGlobals) = postSolution
		SolutionGuid = {3BA825C8-8094-4433-BB7E-4A3AD0959A89}
	EndGlobalSection
EndGlobal
